# This file is automatically @generated by Cargo.
# It is not intended for manual editing.
version = 4

[[package]]
name = "bitflags"
version = "2.11.0"
source = "registry+https://github.com/rust-lang/crates.io-index"
checksum = "843867be96c8daad0d758b57df9392b6d8d271134fce549de6ce169ff98a92af"

[[package]]
name = "bumpalo"
version = "3.20.2"
source = "registry+https://github.com/rust-lang/crates.io-index"
checksum = "5d20789868f4b01b2f2caec9f5c4e0213b41e3e5702a50157d699ae31ced2fcb"

[[package]]
name = "equivalent"
version = "1.0.2"
source = "registry+https://github.com/rust-lang/crates.io-index"
checksum = "877a4ace8713b0bcf2a4e7eec82529c029f1d0619886d18145fea96c3ffe5c0f"

[[package]]
name = "goby-cli"
version = "0.1.0"
dependencies = [
 "goby-core",
 "goby-wasm",
]

[[package]]
name = "goby-core"
version = "0.1.0"

[[package]]
name = "goby-wasm"
version = "0.1.0"
dependencies = [
 "goby-core",
 "wat",
]

[[package]]
name = "hashbrown"
version = "0.16.1"
source = "registry+https://github.com/rust-lang/crates.io-index"
checksum = "841d1cc9bed7f9236f321df977030373f4a4163ae1a7dbfe1a51a2c1a51d9100"

[[package]]
name = "indexmap"
version = "2.13.0"
source = "registry+https://github.com/rust-lang/crates.io-index"
checksum = "7714e70437a7dc3ac8eb7e6f8df75fd8eb422675fc7678aff7364301092b1017"
dependencies = [
 "equivalent",
 "hashbrown",
]

[[package]]
name = "leb128fmt"
version = "0.1.0"
source = "registry+https://github.com/rust-lang/crates.io-index"
checksum = "09edd9e8b54e49e587e4f6295a7d29c3ea94d469cb40ab8ca70b288248a81db2"

[[package]]
name = "memchr"
version = "2.8.0"
source = "registry+https://github.com/rust-lang/crates.io-index"
checksum = "f8ca58f447f06ed17d5fc4043ce1b10dd205e060fb3ce5b979b8ed8e59ff3f79"

[[package]]
name = "semver"
version = "1.0.27"
source = "registry+https://github.com/rust-lang/crates.io-index"
checksum = "d767eb0aabc880b29956c35734170f26ed551a859dbd361d140cdbeca61ab1e2"

[[package]]
name = "unicode-width"
version = "0.2.2"
source = "registry+https://github.com/rust-lang/crates.io-index"
checksum = "b4ac048d71ede7ee76d585517add45da530660ef4390e49b098733c6e897f254"

[[package]]
name = "wasm-encoder"
version = "0.245.1"
source = "registry+https://github.com/rust-lang/crates.io-index"
checksum = "3f9dca005e69bf015e45577e415b9af8c67e8ee3c0e38b5b0add5aa92581ed5c"
dependencies = [
 "leb128fmt",
 "wasmparser",
]

[[package]]
name = "wasmparser"
version = "0.245.1"
source = "registry+https://github.com/rust-lang/crates.io-index"
checksum = "4f08c9adee0428b7bddf3890fc27e015ac4b761cc608c822667102b8bfd6995e"
dependencies = [
 "bitflags",
 "indexmap",
 "semver",
]

[[package]]
name = "wast"
version = "245.0.1"
source = "registry+https://github.com/rust-lang/crates.io-index"
checksum = "28cf1149285569120b8ce39db8b465e8a2b55c34cbb586bd977e43e2bc7300bf"
dependencies = [
 "bumpalo",
 "leb128fmt",
 "memchr",
 "unicode-width",
 "wasm-encoder",
]

[[package]]
name = "wat"
version = "1.245.1"
source = "registry+https://github.com/rust-lang/crates.io-index"
checksum = "cd48d1679b6858988cb96b154dda0ec5bbb09275b71db46057be37332d5477be"
dependencies = [
 "wast",
]
